
Microsoft Visual Studio Solution File, Format Version 12.00
# Visual Studio Version 17
VisualStudioVersion = 17.14.36518.9 d17.14
MinimumVisualStudioVersion = 10.0.40219.1
Project("{FAE04EC0-301F-11D3-BF4B-00C04F79EFBC}") = "TradingCompany.DAL", "TradingCompany.DAL\TradingCompany.DAL.csproj", "{473B9E38-CD72-4480-B4C4-8AFFABD596A4}"
EndProject
Project("{FAE04EC0-301F-11D3-BF4B-00C04F79EFBC}") = "TradingCompany.DTO", "TradingCompany.DTO\TradingCompany.DTO.csproj", "{FEAFECEB-A303-4A28-9CBC-CFE1A63EFCBC}"
EndProject
Project("{FAE04EC0-301F-11D3-BF4B-00C04F79EFBC}") = "TradingCompany.Console", "TradingCompany.Console\TradingCompany.Console.csproj", "{DF3C34C6-BEF5-4B25-BFFA-0BB7967CA86C}"
EndProject
Project("{FAE04EC0-301F-11D3-BF4B-00C04F79EFBC}") = "TradingCompany.DALEF", "TradingCompany.DALEF\TradingCompany.DALEF.csproj", "{DBE2881F-7045-494A-81D4-97F8EF356EFD}"
EndProject
Global
	GlobalSection(SolutionConfigurationPlatforms) = preSolution
		Debug|Any CPU = Debug|Any CPU
		Release|Any CPU = Release|Any CPU
	EndGlobalSection
	GlobalSection(ProjectConfigurationPlatforms) = postSolution
		{473B9E38-CD72-4480-B4C4-8AFFABD596A4}.Debug|Any CPU.ActiveCfg = Debug|Any CPU
		{473B9E38-CD72-4480-B4C4-8AFFABD596A4}.Debug|Any CPU.Build.0 = Debug|Any CPU
		{473B9E38-CD72-4480-B4C4-8AFFABD596A4}.Release|Any CPU.ActiveCfg = Release|Any CPU
		{473B9E38-CD72-4480-B4C4-8AFFABD596A4}.Release|Any CPU.Build.0 = Release|Any CPU
		{FEAFECEB-A303-4A28-9CBC-CFE1A63EFCBC}.Debug|Any CPU.ActiveCfg = Debug|Any CPU
		{FEAFECEB-A303-4A28-9CBC-CFE1A63EFCBC}.Debug|Any CPU.Build.0 = Debug|Any CPU
		{FEAFECEB-A303-4A28-9CBC-CFE1A63EFCBC}.Release|Any CPU.ActiveCfg = Release|Any CPU
		{FEAFECEB-A303-4A28-9CBC-CFE1A63EFCBC}.Release|Any CPU.Build.0 = Release|Any CPU
		{DF3C34C6-BEF5-4B25-BFFA-0BB7967CA86C}.Debug|Any CPU.ActiveCfg = Debug|Any CPU
		{DF3C34C6-BEF5-4B25-BFFA-0BB7967CA86C}.Debug|Any CPU.Build.0 = Debug|Any CPU
		{DF3C34C6-BEF5-4B25-BFFA-0BB7967CA86C}.Release|Any CPU.ActiveCfg = Release|Any CPU
		{DF3C34C6-BEF5-4B25-BFFA-0BB7967CA86C}.Release|Any CPU.Build.0 = Release|Any CPU
		{DBE2881F-7045-494A-81D4-97F8EF356EFD}.Debug|Any CPU.ActiveCfg = Debug|Any CPU
		{DBE2881F-7045-494A-81D4-97F8EF356EFD}.Debug|Any CPU.Build.0 = Debug|Any CPU
		{DBE2881F-7045-494A-81D4-97F8EF356EFD}.Release|Any CPU.ActiveCfg = Release|Any CPU
		{DBE2881F-7045-494A-81D4-97F8EF356EFD}.Release|Any CPU.Build.0 = Release|Any CPU
	EndGlobalSection
	GlobalSection(SolutionProperties) = preSolution
		HideSolutionNode = FALSE
	EndGlobalSection
	GlobalSection(ExtensibilityGlobals) = postSolution
		SolutionGuid = {1BD99944-36B1-46F0-9B1F-9505C978797D}
	EndGlobalSection
EndGlobal
